
Microsoft Visual Studio Solution File, Format Version 12.00
# Visual Studio Version 16
VisualStudioVersion = 16.0.29926.136
MinimumVisualStudioVersion = 10.0.40219.1
Project("{9A19103F-16F7-4668-BE54-9A1E7A4F7556}") = "InMemoryCacheExample", "InMemoryCacheExample\InMemoryCacheExample.csproj", "{58761C63-D5AF-4F6D-BAD3-0C5E0B9577ED}"
EndProject
Project("{FAE04EC0-301F-11D3-BF4B-00C04F79EFBC}") = "DistributedCacheExample", "DistributedCacheExample\DistributedCacheExample.csproj", "{209CCFCC-F1B5-463B-BC33-AEBA0543EE7C}"
EndProject
Global
	GlobalSection(SolutionConfigurationPlatforms) = preSolution
		Debug|Any CPU = Debug|Any CPU
		Release|Any CPU = Release|Any CPU
	EndGlobalSection
	GlobalSection(ProjectConfigurationPlatforms) = postSolution
		{58761C63-D5AF-4F6D-BAD3-0C5E0B9577ED}.Debug|Any CPU.ActiveCfg = Debug|Any CPU
		{58761C63-D5AF-4F6D-BAD3-0C5E0B9577ED}.Debug|Any CPU.Build.0 = Debug|Any CPU
		{58761C63-D5AF-4F6D-BAD3-0C5E0B9577ED}.Release|Any CPU.ActiveCfg = Release|Any CPU
		{58761C63-D5AF-4F6D-BAD3-0C5E0B9577ED}.Release|Any CPU.Build.0 = Release|Any CPU
		{209CCFCC-F1B5-463B-BC33-AEBA0543EE7C}.Debug|Any CPU.ActiveCfg = Debug|Any CPU
		{209CCFCC-F1B5-463B-BC33-AEBA0543EE7C}.Debug|Any CPU.Build.0 = Debug|Any CPU
		{209CCFCC-F1B5-463B-BC33-AEBA0543EE7C}.Release|Any CPU.ActiveCfg = Release|Any CPU
		{209CCFCC-F1B5-463B-BC33-AEBA0543EE7C}.Release|Any CPU.Build.0 = Release|Any CPU
	EndGlobalSection
	GlobalSection(SolutionProperties) = preSolution
		HideSolutionNode = FALSE
	EndGlobalSection
	GlobalSection(ExtensibilityGlobals) = postSolution
		SolutionGuid = {1CC9719D-D9EA-4C61-A4C1-88D2187C704E}
	EndGlobalSection
EndGlobal
